
Microsoft Visual Studio Solution File, Format Version 12.00
# Visual Studio Version 17
VisualStudioVersion = 17.2.32616.157
MinimumVisualStudioVersion = 10.0.40219.1
Project("{FAE04EC0-301F-11D3-BF4B-00C04F79EFBC}") = "JLPT", "JLPT.csproj", "{5C2166CA-40E7-4882-8044-5A10C8204C48}"
EndProject
Global
	GlobalSection(SolutionConfigurationPlatforms) = preSolution
		Debug|Any CPU = Debug|Any CPU
		Release|Any CPU = Release|Any CPU
	EndGlobalSection
	GlobalSection(ProjectConfigurationPlatforms) = postSolution
		{5C2166CA-40E7-4882-8044-5A10C8204C48}.Debug|Any CPU.ActiveCfg = Debug|Any CPU
		{5C2166CA-40E7-4882-8044-5A10C8204C48}.Debug|Any CPU.Build.0 = Debug|Any CPU
		{5C2166CA-40E7-4882-8044-5A10C8204C48}.Release|Any CPU.ActiveCfg = Release|Any CPU
		{5C2166CA-40E7-4882-8044-5A10C8204C48}.Release|Any CPU.Build.0 = Release|Any CPU
	EndGlobalSection
	GlobalSection(SolutionProperties) = preSolution
		HideSolutionNode = FALSE
	EndGlobalSection
	GlobalSection(ExtensibilityGlobals) = postSolution
		SolutionGuid = {09E6A2F1-B3CA-46FA-A017-249F442C9E9B}
	EndGlobalSection
EndGlobal
